# THIS IS AN AUTOGENERATED FILE. DO NOT EDIT THIS FILE DIRECTLY.
# yarn lockfile v1


atob-lite@^1.0.0:
  version "1.0.0"
  resolved "https://registry.yarnpkg.com/atob-lite/-/atob-lite-1.0.0.tgz#b88dca6006922b962094f7556826bab31c4a296b"

audio-buffer-list@^2.0.6:
  version "2.0.7"
  resolved "https://registry.yarnpkg.com/audio-buffer-list/-/audio-buffer-list-2.0.7.tgz#88be6e835174329552b01433025c27c7ad7cf5d6"
  dependencies:
    audio-buffer "^3.0.0"
    audio-buffer-utils "^4.1.1"
    inherits "^2.0.3"
    is-audio-buffer "^1.0.5"
    is-plain-obj "^1.1.0"
    negative-index "^1.0.2"
    object-assign "^4.1.1"

audio-buffer-utils@^4.1.1, audio-buffer-utils@^4.3.0, audio-buffer-utils@^4.3.2:
  version "4.3.2"
  resolved "https://registry.yarnpkg.com/audio-buffer-utils/-/audio-buffer-utils-4.3.2.tgz#d555faed8d6ceeb120619e39fa691374f2103380"
  dependencies:
    audio-buffer "^3.1.1"
    audio-context "^1.0.0"
    clamp "^1.0.1"
    is-audio-buffer "^1.0.0"
    is-browser "^2.0.1"
    negative-index "^1.0.2"
    typedarray-methods "^1.0.0"

audio-buffer@^3.0.0, audio-buffer@^3.1.1, audio-buffer@^3.2.0:
  version "3.2.1"
  resolved "https://registry.yarnpkg.com/audio-buffer/-/audio-buffer-3.2.1.tgz#cbff2c1577fb0afc5c9232902d543b2f96dd433d"
  dependencies:
    audio-context "^1.0.0"
    buffer-to-arraybuffer latest
    is-audio-buffer "^1.0.1"
    is-browser "^2.0.1"
    is-buffer "^1.1.0"
    is-plain-obj "^1.1.0"

audio-context@^1.0.0:
  version "1.0.0"
  resolved "https://registry.yarnpkg.com/audio-context/-/audio-context-1.0.0.tgz#4b665d27963c3675c29ddc9436946ad0dca48609"
  dependencies:
    global "^4.3.1"

audio-sink@^1.0.2:
  version "1.1.6"
  resolved "https://registry.yarnpkg.com/audio-sink/-/audio-sink-1.1.6.tgz#e1454eb1378522298d2170b7cb032c33fd1f6885"
  dependencies:
    inherits "^2.0.1"
    xtend "^4.0.1"

audio-speaker@^1.5.0:
  version "1.5.0"
  resolved "https://registry.yarnpkg.com/audio-speaker/-/audio-speaker-1.5.0.tgz#49496e1a9b343d428119e2855f1184ee82d4ee53"
  dependencies:
    audio-through "^2.2.3"
    inherits "^2.0.1"
    is-audio-buffer "^1.0.1"
    object-assign "^4.1.1"
    pcm-util "^2.1.0"
    pull-stream "^3.4.5"
    web-audio-stream "^3.0.1"
  optionalDependencies:
    audio-sink "^1.0.2"
    speaker "^0.3.0"

audio-through@^2.2.3:
  version "2.2.3"
  resolved "https://registry.yarnpkg.com/audio-through/-/audio-through-2.2.3.tgz#14fc8c37b613d1c870cfaee04bf4454c28959fbf"
  dependencies:
    audio-buffer "^3.1.1"
    audio-context "^1.0.0"
    inherits "^2.0.1"
    is-audio-buffer "^1.0.1"
    is-promise "^2.1.0"
    object-assign "^4.1.1"
    pcm-util "^2.0.1"
    performance-now "^2.1.0"

bindings@^1.2.1:
  version "1.2.1"
  resolved "https://registry.yarnpkg.com/bindings/-/bindings-1.2.1.tgz#14ad6113812d2d37d72e67b4cacb4bb726505f11"

buffer-shims@~1.0.0:
  version "1.0.0"
  resolved "https://registry.yarnpkg.com/buffer-shims/-/buffer-shims-1.0.0.tgz#9978ce317388c649ad8793028c3477ef044a8b51"

buffer-to-arraybuffer@latest:
  version "0.0.4"
  resolved "https://registry.yarnpkg.com/buffer-to-arraybuffer/-/buffer-to-arraybuffer-0.0.4.tgz#f3e5e3f6f2632c71e7cdebe76ed1718fad421d4c"

clamp@^1.0.1:
  version "1.0.1"
  resolved "https://registry.yarnpkg.com/clamp/-/clamp-1.0.1.tgz#66a0e64011816e37196828fdc8c8c147312c8634"

core-util-is@~1.0.0:
  version "1.0.2"
  resolved "https://registry.yarnpkg.com/core-util-is/-/core-util-is-1.0.2.tgz#b5fd54220aa2bc5ab57aab7140c940754503c1a7"

data-uri-regex@^0.1.2:
  version "0.1.4"
  resolved "https://registry.yarnpkg.com/data-uri-regex/-/data-uri-regex-0.1.4.tgz#1e1db6c8397eca8a48ecdb55ad1b927ec0bbac2e"

debug@^2.2.0:
  version "2.6.7"
  resolved "https://registry.yarnpkg.com/debug/-/debug-2.6.7.tgz#92bad1f6d05bbb6bba22cca88bcd0ec894c2861e"
  dependencies:
    ms "2.0.0"

dom-walk@^0.1.0:
  version "0.1.1"
  resolved "https://registry.yarnpkg.com/dom-walk/-/dom-walk-0.1.1.tgz#672226dc74c8f799ad35307df936aba11acd6018"

gibberish-dsp@^2.5.0:
  version "2.5.0"
  resolved "https://registry.yarnpkg.com/gibberish-dsp/-/gibberish-dsp-2.5.0.tgz#1f73022bef81f6c774cbb5fba30351bc4dd3c04a"

global@^4.3.1:
  version "4.3.2"
  resolved "https://registry.yarnpkg.com/global/-/global-4.3.2.tgz#e76989268a6c74c38908b1305b10fc0e394e9d0f"
  dependencies:
    min-document "^2.19.0"
    process "~0.5.1"

inherits@^2.0.1, inherits@^2.0.3, inherits@~2.0.1:
  version "2.0.3"
  resolved "https://registry.yarnpkg.com/inherits/-/inherits-2.0.3.tgz#633c2c83e3da42a502f52466022480f4208261de"

is-audio-buffer@^1.0.0, is-audio-buffer@^1.0.1, is-audio-buffer@^1.0.5:
  version "1.0.8"
  resolved "https://registry.yarnpkg.com/is-audio-buffer/-/is-audio-buffer-1.0.8.tgz#03e438e2b7e31eb0f383297c628a5f8f71ee81be"
  dependencies:
    audio-buffer "^3.2.0"

is-browser@^2.0.1:
  version "2.0.1"
  resolved "https://registry.yarnpkg.com/is-browser/-/is-browser-2.0.1.tgz#8bf0baf799a9c62fd9de5bcee4cf3397c3e7529a"

is-buffer@^1.1.0:
  version "1.1.5"
  resolved "https://registry.yarnpkg.com/is-buffer/-/is-buffer-1.1.5.tgz#1f3b26ef613b214b88cbca23cc6c01d87961eecc"

is-data-uri@^0.1.0:
  version "0.1.0"
  resolved "https://registry.yarnpkg.com/is-data-uri/-/is-data-uri-0.1.0.tgz#46ee67b63c18c1ffa0bd4dfab2cd2c81c728237f"
  dependencies:
    data-uri-regex "^0.1.2"

is-negative-zero@^2.0.0:
  version "2.0.0"
  resolved "https://registry.yarnpkg.com/is-negative-zero/-/is-negative-zero-2.0.0.tgz#9553b121b0fac28869da9ed459e20c7543788461"

is-plain-obj@^1.1.0:
  version "1.1.0"
  resolved "https://registry.yarnpkg.com/is-plain-obj/-/is-plain-obj-1.1.0.tgz#71a50c8429dfca773c92a390a4a03b39fcd51d3e"

is-promise@^2.1.0:
  version "2.1.0"
  resolved "https://registry.yarnpkg.com/is-promise/-/is-promise-2.1.0.tgz#79a2a9ece7f096e80f36d2b2f3bc16c1ff4bf3fa"

isarray@~1.0.0:
  version "1.0.0"
  resolved "https://registry.yarnpkg.com/isarray/-/isarray-1.0.0.tgz#bb935d48582cba168c06834957a54a3e07124f11"

min-document@^2.19.0:
  version "2.19.0"
  resolved "https://registry.yarnpkg.com/min-document/-/min-document-2.19.0.tgz#7bd282e3f5842ed295bb748cdd9f1ffa2c824685"
  dependencies:
    dom-walk "^0.1.0"

ms@2.0.0:
  version "2.0.0"
  resolved "https://registry.yarnpkg.com/ms/-/ms-2.0.0.tgz#5608aeadfc00be6c2901df5f9861788de0d597c8"

nan@^2.2.0:
  version "2.6.2"
  resolved "https://registry.yarnpkg.com/nan/-/nan-2.6.2.tgz#e4ff34e6c95fdfb5aecc08de6596f43605a7db45"

negative-index@^1.0.2:
  version "1.0.2"
  resolved "https://registry.yarnpkg.com/negative-index/-/negative-index-1.0.2.tgz#bb0b349f9de80879326cfa54c56fb6b67ca4788d"
  dependencies:
    is-negative-zero "^2.0.0"

object-assign@^4.1.1:
  version "4.1.1"
  resolved "https://registry.yarnpkg.com/object-assign/-/object-assign-4.1.1.tgz#2109adc7965887cfc05cbbd442cac8bfbb360863"

pcm-util@^2.0.1, pcm-util@^2.1.0:
  version "2.1.0"
  resolved "https://registry.yarnpkg.com/pcm-util/-/pcm-util-2.1.0.tgz#51ace46b09e0117fb92f654f632dcb2ed9c86065"
  dependencies:
    audio-buffer "^3.0.0"
    is-audio-buffer "^1.0.1"
    is-buffer "^1.1.0"
    to-array-buffer "^1.0.0"

performance-now@^2.1.0:
  version "2.1.0"
  resolved "https://registry.yarnpkg.com/performance-now/-/performance-now-2.1.0.tgz#6309f4e0e5fa913ec1c69307ae364b4b377c9e7b"

process-nextick-args@~1.0.6:
  version "1.0.7"
  resolved "https://registry.yarnpkg.com/process-nextick-args/-/process-nextick-args-1.0.7.tgz#150e20b756590ad3f91093f25a4f2ad8bff30ba3"

process@~0.5.1:
  version "0.5.2"
  resolved "https://registry.yarnpkg.com/process/-/process-0.5.2.tgz#1638d8a8e34c2f440a91db95ab9aeb677fc185cf"

pull-stream@^3.4.4, pull-stream@^3.4.5:
  version "3.6.0"
  resolved "https://registry.yarnpkg.com/pull-stream/-/pull-stream-3.6.0.tgz#59d033a6815d4e3097d47c3d2b1893a9e58a2351"

readable-stream@^2.0.5:
  version "2.2.9"
  resolved "https://registry.yarnpkg.com/readable-stream/-/readable-stream-2.2.9.tgz#cf78ec6f4a6d1eb43d26488cac97f042e74b7fc8"
  dependencies:
    buffer-shims "~1.0.0"
    core-util-is "~1.0.0"
    inherits "~2.0.1"
    isarray "~1.0.0"
    process-nextick-args "~1.0.6"
    string_decoder "~1.0.0"
    util-deprecate "~1.0.1"

speaker@^0.3.0:
  version "0.3.0"
  resolved "https://registry.yarnpkg.com/speaker/-/speaker-0.3.0.tgz#36e0ee37e74fb88f7ead9ac9b1f1517b9b82d253"
  dependencies:
    bindings "^1.2.1"
    debug "^2.2.0"
    nan "^2.2.0"
    readable-stream "^2.0.5"

string_decoder@~1.0.0:
  version "1.0.0"
  resolved "https://registry.yarnpkg.com/string_decoder/-/string_decoder-1.0.0.tgz#f06f41157b664d86069f84bdbdc9b0d8ab281667"
  dependencies:
    buffer-shims "~1.0.0"

to-array-buffer@^1.0.0:
  version "1.2.4"
  resolved "https://registry.yarnpkg.com/to-array-buffer/-/to-array-buffer-1.2.4.tgz#7efdc3194a5a0d2b0ba93fba9d3edc33a1259473"
  dependencies:
    atob-lite "^1.0.0"
    is-audio-buffer "^1.0.1"
    is-data-uri "^0.1.0"

typedarray-methods@^1.0.0:
  version "1.0.0"
  resolved "https://registry.yarnpkg.com/typedarray-methods/-/typedarray-methods-1.0.0.tgz#d656b078a9ff6134ed193794f8e55e158204ad0d"

util-deprecate@~1.0.1:
  version "1.0.2"
  resolved "https://registry.yarnpkg.com/util-deprecate/-/util-deprecate-1.0.2.tgz#450d4dc9fa70de732762fbd2d4a28981419a0ccf"

web-audio-stream@^3.0.1:
  version "3.0.1"
  resolved "https://registry.yarnpkg.com/web-audio-stream/-/web-audio-stream-3.0.1.tgz#b11d1b1cace161ea4a098c26f6744afcadc70b0e"
  dependencies:
    audio-buffer-list "^2.0.6"
    audio-buffer-utils "^4.3.0"
    audio-context "^1.0.0"
    inherits "^2.0.1"
    is-audio-buffer "^1.0.1"
    is-plain-obj "^1.1.0"
    object-assign "^4.1.1"
    pcm-util "^2.1.0"
    pull-stream "^3.4.4"

xtend@^4.0.1:
  version "4.0.1"
  resolved "https://registry.yarnpkg.com/xtend/-/xtend-4.0.1.tgz#a5c6d532be656e23db820efb943a1f04998d63af"
